
Microsoft Visual Studio Solution File, Format Version 12.00
# Visual Studio Version 16
VisualStudioVersion = 16.0.32413.511
MinimumVisualStudioVersion = 10.0.40219.1
Project("{FAE04EC0-301F-11D3-BF4B-00C04F79EFBC}") = "AgendaApp", "AgendaApp\AgendaApp.csproj", "{EA702D35-F25A-42B2-B070-D27753E04024}"
EndProject
Global
	GlobalSection(SolutionConfigurationPlatforms) = preSolution
		Debug|Any CPU = Debug|Any CPU
		Release|Any CPU = Release|Any CPU
	EndGlobalSection
	GlobalSection(ProjectConfigurationPlatforms) = postSolution
		{EA702D35-F25A-42B2-B070-D27753E04024}.Debug|Any CPU.ActiveCfg = Debug|Any CPU
		{EA702D35-F25A-42B2-B070-D27753E04024}.Debug|Any CPU.Build.0 = Debug|Any CPU
		{EA702D35-F25A-42B2-B070-D27753E04024}.Release|Any CPU.ActiveCfg = Release|Any CPU
		{EA702D35-F25A-42B2-B070-D27753E04024}.Release|Any CPU.Build.0 = Release|Any CPU
	EndGlobalSection
	GlobalSection(SolutionProperties) = preSolution
		HideSolutionNode = FALSE
	EndGlobalSection
	GlobalSection(ExtensibilityGlobals) = postSolution
		SolutionGuid = {A443DD67-1838-4857-BE8C-8D739840B3F2}
	EndGlobalSection
EndGlobal
