
Microsoft Visual Studio Solution File, Format Version 12.00
# Visual Studio Version 16
VisualStudioVersion = 16.0.32413.511
MinimumVisualStudioVersion = 10.0.40219.1
Project("{FAE04EC0-301F-11D3-BF4B-00C04F79EFBC}") = "Combustível", "Combustível\Combustível.csproj", "{07871B7D-6BA9-4F64-A4E4-B9F0C250D76D}"
EndProject
Global
	GlobalSection(SolutionConfigurationPlatforms) = preSolution
		Debug|Any CPU = Debug|Any CPU
		Release|Any CPU = Release|Any CPU
	EndGlobalSection
	GlobalSection(ProjectConfigurationPlatforms) = postSolution
		{07871B7D-6BA9-4F64-A4E4-B9F0C250D76D}.Debug|Any CPU.ActiveCfg = Debug|Any CPU
		{07871B7D-6BA9-4F64-A4E4-B9F0C250D76D}.Debug|Any CPU.Build.0 = Debug|Any CPU
		{07871B7D-6BA9-4F64-A4E4-B9F0C250D76D}.Release|Any CPU.ActiveCfg = Release|Any CPU
		{07871B7D-6BA9-4F64-A4E4-B9F0C250D76D}.Release|Any CPU.Build.0 = Release|Any CPU
	EndGlobalSection
	GlobalSection(SolutionProperties) = preSolution
		HideSolutionNode = FALSE
	EndGlobalSection
	GlobalSection(ExtensibilityGlobals) = postSolution
		SolutionGuid = {4090351C-D60A-4289-891F-96B008AA2ADC}
	EndGlobalSection
EndGlobal
